
Microsoft Visual Studio Solution File, Format Version 12.00
# Visual Studio Version 17
VisualStudioVersion = 17.1.32421.90
MinimumVisualStudioVersion = 10.0.40219.1
Project("{8BC9CEB8-8B4A-11D0-8D11-00A0C91BC942}") = "Reverse Integer", "Reverse Integer\Reverse Integer.vcxproj", "{852A9439-B67D-4F95-A2BB-9F7E0F732D12}"
EndProject
Global
	GlobalSection(SolutionConfigurationPlatforms) = preSolution
		Debug|x64 = Debug|x64
		Debug|x86 = Debug|x86
		Release|x64 = Release|x64
		Release|x86 = Release|x86
	EndGlobalSection
	GlobalSection(ProjectConfigurationPlatforms) = postSolution
		{852A9439-B67D-4F95-A2BB-9F7E0F732D12}.Debug|x64.ActiveCfg = Debug|x64
		{852A9439-B67D-4F95-A2BB-9F7E0F732D12}.Debug|x64.Build.0 = Debug|x64
		{852A9439-B67D-4F95-A2BB-9F7E0F732D12}.Debug|x86.ActiveCfg = Debug|Win32
		{852A9439-B67D-4F95-A2BB-9F7E0F732D12}.Debug|x86.Build.0 = Debug|Win32
		{852A9439-B67D-4F95-A2BB-9F7E0F732D12}.Release|x64.ActiveCfg = Release|x64
		{852A9439-B67D-4F95-A2BB-9F7E0F732D12}.Release|x64.Build.0 = Release|x64
		{852A9439-B67D-4F95-A2BB-9F7E0F732D12}.Release|x86.ActiveCfg = Release|Win32
		{852A9439-B67D-4F95-A2BB-9F7E0F732D12}.Release|x86.Build.0 = Release|Win32
	EndGlobalSection
	GlobalSection(SolutionProperties) = preSolution
		HideSolutionNode = FALSE
	EndGlobalSection
	GlobalSection(ExtensibilityGlobals) = postSolution
		SolutionGuid = {44899B83-E7A7-441B-A782-9A2159F4EF1D}
	EndGlobalSection
EndGlobal
